schema: '2.0'
stages:
  data_ingestion:
    cmd: python src/data_ingestion.py
    deps:
    - path: src/data_ingestion.py
      hash: md5
      md5: a40ec5a865584c7d51f888414b45d1c8
      size: 3677
    params:
      params.yaml:
        data_ingestion.test_size: 0.2
    outs:
    - path: data/raw
      hash: md5
      md5: 640a00e1eec95cbdfbb6d301ba5a50c0.dir
      size: 484846
      nfiles: 2
  preprocessing:
    cmd: python src/preprocessing.py
    deps:
    - path: data/raw
      hash: md5
      md5: 640a00e1eec95cbdfbb6d301ba5a50c0.dir
      size: 484846
      nfiles: 2
    - path: src/preprocessing.py
      hash: md5
      md5: a6fbf65590aff3c7966432461d68bf31
      size: 3642
    outs:
    - path: data/interim
      hash: md5
      md5: 738e83c362ebd1ddc1fd257de5912f69.dir
      size: 261909
      nfiles: 2
  feature_engineering:
    cmd: python src/feature_engineering.py
    deps:
    - path: data/interim
      hash: md5
      md5: 738e83c362ebd1ddc1fd257de5912f69.dir
      size: 261909
      nfiles: 2
    - path: src/feature_engineering.py
      hash: md5
      md5: 7a8d193cc9e7e402c1ea8e2cdbc99173
      size: 3942
    params:
      params.yaml:
        feature_engineering.max_features: 45
    outs:
    - path: data/processed
      hash: md5
      md5: d9e94c2d68368cd47ef17cb278e3f94c.dir
      size: 1067847
      nfiles: 2
  model_building:
    cmd: python src/model_building.py
    deps:
    - path: data/processed
      hash: md5
      md5: d9e94c2d68368cd47ef17cb278e3f94c.dir
      size: 1067847
      nfiles: 2
    - path: src/model_building.py
      hash: md5
      md5: 4f2ba8f91994efedd0acd02158e788e8
      size: 3779
    params:
      params.yaml:
        model_building.n_estimators: 45
        model_building.random_state: 2
    outs:
    - path: models/model.pkl
      hash: md5
      md5: 3e8140e557c2204fd8f1518ebc763934
      size: 755005
  model_evaluation:
    cmd: python src/model_evaluation.py
    deps:
    - path: models/model.pkl
      hash: md5
      md5: 3e8140e557c2204fd8f1518ebc763934
      size: 755005
    - path: src/model_evaluation.py
      hash: md5
      md5: 83e4ea06e3f9368afc2202a67d3880a0
      size: 3485
    outs:
    - path: reports/metrics.json
      hash: md5
      md5: 55e93aece69662001916ddd6d06aa9ee
      size: 145
