schema: '2.0'
stages:
  data_ingestion:
    cmd: python src/data_ingestion.py
    deps:
    - path: src/data_ingestion.py
      hash: md5
      md5: a40ec5a865584c7d51f888414b45d1c8
      size: 3677
    params:
      params.yaml:
        data_ingestion.test_size: 0.2
    outs:
    - path: data/raw
      hash: md5
      md5: 640a00e1eec95cbdfbb6d301ba5a50c0.dir
      size: 484846
      nfiles: 2
  preprocessing:
    cmd: python src/preprocessing.py
    deps:
    - path: data/raw
      hash: md5
      md5: 640a00e1eec95cbdfbb6d301ba5a50c0.dir
      size: 484846
      nfiles: 2
    - path: src/preprocessing.py
      hash: md5
      md5: a6fbf65590aff3c7966432461d68bf31
      size: 3642
    outs:
    - path: data/interim
      hash: md5
      md5: 738e83c362ebd1ddc1fd257de5912f69.dir
      size: 261909
      nfiles: 2
  feature_engineering:
    cmd: python src/feature_engineering.py
    deps:
    - path: data/interim
      hash: md5
      md5: 738e83c362ebd1ddc1fd257de5912f69.dir
      size: 261909
      nfiles: 2
    - path: src/feature_engineering.py
      hash: md5
      md5: 7a8d193cc9e7e402c1ea8e2cdbc99173
      size: 3942
    params:
      params.yaml:
        feature_engineering.max_features: 40
    outs:
    - path: data/processed
      hash: md5
      md5: 8cff08924dbdaf0fab3bfa32a033544c.dir
      size: 951881
      nfiles: 2
  model_building:
    cmd: python src/model_building.py
    deps:
    - path: data/processed
      hash: md5
      md5: 8cff08924dbdaf0fab3bfa32a033544c.dir
      size: 951881
      nfiles: 2
    - path: src/model_building.py
      hash: md5
      md5: 4f2ba8f91994efedd0acd02158e788e8
      size: 3779
    params:
      params.yaml:
        model_building.n_estimators: 22
        model_building.random_state: 2
    outs:
    - path: models/model.pkl
      hash: md5
      md5: 3ae289a2fed4ab2ca0d678443d206a6c
      size: 333476
  model_evaluation:
    cmd: python src/model_evaluation.py
    deps:
    - path: models/model.pkl
      hash: md5
      md5: 3ae289a2fed4ab2ca0d678443d206a6c
      size: 333476
    - path: src/model_evaluation.py
      hash: md5
      md5: be527c260163112de93dda30d5af7883
      size: 4392
    outs:
    - path: reports/metrics.json
      hash: md5
      md5: 90fed6959cea202b8931fc6fe402da1e
      size: 145
